
Microsoft Visual Studio Solution File, Format Version 12.00
# Visual Studio Version 17
VisualStudioVersion = 17.0.31903.59
MinimumVisualStudioVersion = 10.0.40219.1
Project("{9A19103F-16F7-4668-BE54-9A1E7A4F7556}") = "ApiCursoBalta", "ApiCursoBalta\ApiCursoBalta.csproj", "{27F28D83-79DA-46AB-A876-8D95212D4083}"
EndProject
Global
	GlobalSection(SolutionConfigurationPlatforms) = preSolution
		Debug|Any CPU = Debug|Any CPU
		Release|Any CPU = Release|Any CPU
	EndGlobalSection
	GlobalSection(ProjectConfigurationPlatforms) = postSolution
		{27F28D83-79DA-46AB-A876-8D95212D4083}.Debug|Any CPU.ActiveCfg = Debug|Any CPU
		{27F28D83-79DA-46AB-A876-8D95212D4083}.Debug|Any CPU.Build.0 = Debug|Any CPU
		{27F28D83-79DA-46AB-A876-8D95212D4083}.Release|Any CPU.ActiveCfg = Release|Any CPU
		{27F28D83-79DA-46AB-A876-8D95212D4083}.Release|Any CPU.Build.0 = Release|Any CPU
	EndGlobalSection
	GlobalSection(SolutionProperties) = preSolution
		HideSolutionNode = FALSE
	EndGlobalSection
	GlobalSection(ExtensibilityGlobals) = postSolution
		SolutionGuid = {C0045A75-5D27-483D-B722-6288D43B04D7}
	EndGlobalSection
EndGlobal
